
Microsoft Visual Studio Solution File, Format Version 12.00
# Visual Studio 15
VisualStudioVersion = 15.0.26430.13
MinimumVisualStudioVersion = 10.0.40219.1
Project("{FAE04EC0-301F-11D3-BF4B-00C04F79EFBC}") = "UltraSonic", "UltraSonic\UltraSonic.csproj", "{367828C2-6E33-4F95-96AC-9E1E9740B185}"
EndProject
Project("{9A19103F-16F7-4668-BE54-9A1E7A4F7556}") = "Subsonic.Common", "SubsonicSharp\Subsonic.Common\Subsonic.Common.csproj", "{A533A041-6D2D-46B3-A3E7-4CC7E64A16F3}"
EndProject
Project("{9A19103F-16F7-4668-BE54-9A1E7A4F7556}") = "Subsonic.Client", "SubsonicSharp\Subsonic.Client\Subsonic.Client.csproj", "{CBB112D5-2507-4453-83BE-51232FB95CA6}"
EndProject
Project("{FAE04EC0-301F-11D3-BF4B-00C04F79EFBC}") = "Subsonic.Client.Windows", "SubsonicSharp\Subsonic.Client.Windows\Subsonic.Client.Windows.csproj", "{3B48CBDF-812E-4D3D-AFAD-D09FE6786F52}"
EndProject
Project("{FAE04EC0-301F-11D3-BF4B-00C04F79EFBC}") = "SplitViewMenu", "SplitViewMenu\SplitViewMenu.csproj", "{2D22C1A0-98B1-4E23-980F-E49EE27EC735}"
EndProject
Project("{FAE04EC0-301F-11D3-BF4B-00C04F79EFBC}") = "Subsonic.Client.UniversalWindows", "SubsonicSharp\Subsonic.Client.UniversalWindows\Subsonic.Client.UniversalWindows.csproj", "{B34145C7-87D9-4C09-A512-C1B186E9D63E}"
EndProject
Project("{FAE04EC0-301F-11D3-BF4B-00C04F79EFBC}") = "UltraSonic.UniversalWindows", "UltraSonic.UniversalWindows\UltraSonic.UniversalWindows.csproj", "{328E221E-1D1D-43E8-A42A-7EC7FBE4D4BB}"
EndProject
Global
	GlobalSection(SolutionConfigurationPlatforms) = preSolution
		Debug|Any CPU = Debug|Any CPU
		Debug|ARM = Debug|ARM
		Debug|x64 = Debug|x64
		Debug|x86 = Debug|x86
		Release|Any CPU = Release|Any CPU
		Release|ARM = Release|ARM
		Release|x64 = Release|x64
		Release|x86 = Release|x86
	EndGlobalSection
	GlobalSection(ProjectConfigurationPlatforms) = postSolution
		{367828C2-6E33-4F95-96AC-9E1E9740B185}.Debug|Any CPU.ActiveCfg = Debug|Any CPU
		{367828C2-6E33-4F95-96AC-9E1E9740B185}.Debug|Any CPU.Build.0 = Debug|Any CPU
		{367828C2-6E33-4F95-96AC-9E1E9740B185}.Debug|ARM.ActiveCfg = Debug|Any CPU
		{367828C2-6E33-4F95-96AC-9E1E9740B185}.Debug|ARM.Build.0 = Debug|Any CPU
		{367828C2-6E33-4F95-96AC-9E1E9740B185}.Debug|x64.ActiveCfg = Debug|Any CPU
		{367828C2-6E33-4F95-96AC-9E1E9740B185}.Debug|x64.Build.0 = Debug|Any CPU
		{367828C2-6E33-4F95-96AC-9E1E9740B185}.Debug|x86.ActiveCfg = Debug|Any CPU
		{367828C2-6E33-4F95-96AC-9E1E9740B185}.Debug|x86.Build.0 = Debug|Any CPU
		{367828C2-6E33-4F95-96AC-9E1E9740B185}.Release|Any CPU.ActiveCfg = Release|Any CPU
		{367828C2-6E33-4F95-96AC-9E1E9740B185}.Release|Any CPU.Build.0 = Release|Any CPU
		{367828C2-6E33-4F95-96AC-9E1E9740B185}.Release|ARM.ActiveCfg = Release|Any CPU
		{367828C2-6E33-4F95-96AC-9E1E9740B185}.Release|ARM.Build.0 = Release|Any CPU
		{367828C2-6E33-4F95-96AC-9E1E9740B185}.Release|x64.ActiveCfg = Release|Any CPU
		{367828C2-6E33-4F95-96AC-9E1E9740B185}.Release|x64.Build.0 = Release|Any CPU
		{367828C2-6E33-4F95-96AC-9E1E9740B185}.Release|x86.ActiveCfg = Release|Any CPU
		{367828C2-6E33-4F95-96AC-9E1E9740B185}.Release|x86.Build.0 = Release|Any CPU
		{A533A041-6D2D-46B3-A3E7-4CC7E64A16F3}.Debug|Any CPU.ActiveCfg = Debug|Any CPU
		{A533A041-6D2D-46B3-A3E7-4CC7E64A16F3}.Debug|Any CPU.Build.0 = Debug|Any CPU
		{A533A041-6D2D-46B3-A3E7-4CC7E64A16F3}.Debug|ARM.ActiveCfg = Debug|Any CPU
		{A533A041-6D2D-46B3-A3E7-4CC7E64A16F3}.Debug|ARM.Build.0 = Debug|Any CPU
		{A533A041-6D2D-46B3-A3E7-4CC7E64A16F3}.Debug|x64.ActiveCfg = Debug|Any CPU
		{A533A041-6D2D-46B3-A3E7-4CC7E64A16F3}.Debug|x64.Build.0 = Debug|Any CPU
		{A533A041-6D2D-46B3-A3E7-4CC7E64A16F3}.Debug|x86.ActiveCfg = Debug|Any CPU
		{A533A041-6D2D-46B3-A3E7-4CC7E64A16F3}.Debug|x86.Build.0 = Debug|Any CPU
		{A533A041-6D2D-46B3-A3E7-4CC7E64A16F3}.Release|Any CPU.ActiveCfg = Release|Any CPU
		{A533A041-6D2D-46B3-A3E7-4CC7E64A16F3}.Release|Any CPU.Build.0 = Release|Any CPU
		{A533A041-6D2D-46B3-A3E7-4CC7E64A16F3}.Release|ARM.ActiveCfg = Release|Any CPU
		{A533A041-6D2D-46B3-A3E7-4CC7E64A16F3}.Release|ARM.Build.0 = Release|Any CPU
		{A533A041-6D2D-46B3-A3E7-4CC7E64A16F3}.Release|x64.ActiveCfg = Release|Any CPU
		{A533A041-6D2D-46B3-A3E7-4CC7E64A16F3}.Release|x64.Build.0 = Release|Any CPU
		{A533A041-6D2D-46B3-A3E7-4CC7E64A16F3}.Release|x86.ActiveCfg = Release|Any CPU
		{A533A041-6D2D-46B3-A3E7-4CC7E64A16F3}.Release|x86.Build.0 = Release|Any CPU
		{CBB112D5-2507-4453-83BE-51232FB95CA6}.Debug|Any CPU.ActiveCfg = Debug|Any CPU
		{CBB112D5-2507-4453-83BE-51232FB95CA6}.Debug|Any CPU.Build.0 = Debug|Any CPU
		{CBB112D5-2507-4453-83BE-51232FB95CA6}.Debug|ARM.ActiveCfg = Debug|Any CPU
		{CBB112D5-2507-4453-83BE-51232FB95CA6}.Debug|ARM.Build.0 = Debug|Any CPU
		{CBB112D5-2507-4453-83BE-51232FB95CA6}.Debug|x64.ActiveCfg = Debug|Any CPU
		{CBB112D5-2507-4453-83BE-51232FB95CA6}.Debug|x64.Build.0 = Debug|Any CPU
		{CBB112D5-2507-4453-83BE-51232FB95CA6}.Debug|x86.ActiveCfg = Debug|Any CPU
		{CBB112D5-2507-4453-83BE-51232FB95CA6}.Debug|x86.Build.0 = Debug|Any CPU
		{CBB112D5-2507-4453-83BE-51232FB95CA6}.Release|Any CPU.ActiveCfg = Release|Any CPU
		{CBB112D5-2507-4453-83BE-51232FB95CA6}.Release|Any CPU.Build.0 = Release|Any CPU
		{CBB112D5-2507-4453-83BE-51232FB95CA6}.Release|ARM.ActiveCfg = Release|Any CPU
		{CBB112D5-2507-4453-83BE-51232FB95CA6}.Release|ARM.Build.0 = Release|Any CPU
		{CBB112D5-2507-4453-83BE-51232FB95CA6}.Release|x64.ActiveCfg = Release|Any CPU
		{CBB112D5-2507-4453-83BE-51232FB95CA6}.Release|x64.Build.0 = Release|Any CPU
		{CBB112D5-2507-4453-83BE-51232FB95CA6}.Release|x86.ActiveCfg = Release|Any CPU
		{CBB112D5-2507-4453-83BE-51232FB95CA6}.Release|x86.Build.0 = Release|Any CPU
		{3B48CBDF-812E-4D3D-AFAD-D09FE6786F52}.Debug|Any CPU.ActiveCfg = Debug|Any CPU
		{3B48CBDF-812E-4D3D-AFAD-D09FE6786F52}.Debug|Any CPU.Build.0 = Debug|Any CPU
		{3B48CBDF-812E-4D3D-AFAD-D09FE6786F52}.Debug|ARM.ActiveCfg = Debug|Any CPU
		{3B48CBDF-812E-4D3D-AFAD-D09FE6786F52}.Debug|ARM.Build.0 = Debug|Any CPU
		{3B48CBDF-812E-4D3D-AFAD-D09FE6786F52}.Debug|x64.ActiveCfg = Debug|Any CPU
		{3B48CBDF-812E-4D3D-AFAD-D09FE6786F52}.Debug|x64.Build.0 = Debug|Any CPU
		{3B48CBDF-812E-4D3D-AFAD-D09FE6786F52}.Debug|x86.ActiveCfg = Debug|Any CPU
		{3B48CBDF-812E-4D3D-AFAD-D09FE6786F52}.Debug|x86.Build.0 = Debug|Any CPU
		{3B48CBDF-812E-4D3D-AFAD-D09FE6786F52}.Release|Any CPU.ActiveCfg = Release|Any CPU
		{3B48CBDF-812E-4D3D-AFAD-D09FE6786F52}.Release|Any CPU.Build.0 = Release|Any CPU
		{3B48CBDF-812E-4D3D-AFAD-D09FE6786F52}.Release|ARM.ActiveCfg = Release|Any CPU
		{3B48CBDF-812E-4D3D-AFAD-D09FE6786F52}.Release|ARM.Build.0 = Release|Any CPU
		{3B48CBDF-812E-4D3D-AFAD-D09FE6786F52}.Release|x64.ActiveCfg = Release|Any CPU
		{3B48CBDF-812E-4D3D-AFAD-D09FE6786F52}.Release|x64.Build.0 = Release|Any CPU
		{3B48CBDF-812E-4D3D-AFAD-D09FE6786F52}.Release|x86.ActiveCfg = Release|Any CPU
		{3B48CBDF-812E-4D3D-AFAD-D09FE6786F52}.Release|x86.Build.0 = Release|Any CPU
		{2D22C1A0-98B1-4E23-980F-E49EE27EC735}.Debug|Any CPU.ActiveCfg = Debug|Any CPU
		{2D22C1A0-98B1-4E23-980F-E49EE27EC735}.Debug|Any CPU.Build.0 = Debug|Any CPU
		{2D22C1A0-98B1-4E23-980F-E49EE27EC735}.Debug|ARM.ActiveCfg = Debug|ARM
		{2D22C1A0-98B1-4E23-980F-E49EE27EC735}.Debug|ARM.Build.0 = Debug|ARM
		{2D22C1A0-98B1-4E23-980F-E49EE27EC735}.Debug|x64.ActiveCfg = Debug|x64
		{2D22C1A0-98B1-4E23-980F-E49EE27EC735}.Debug|x64.Build.0 = Debug|x64
		{2D22C1A0-98B1-4E23-980F-E49EE27EC735}.Debug|x86.ActiveCfg = Debug|x86
		{2D22C1A0-98B1-4E23-980F-E49EE27EC735}.Debug|x86.Build.0 = Debug|x86
		{2D22C1A0-98B1-4E23-980F-E49EE27EC735}.Release|Any CPU.ActiveCfg = Release|Any CPU
		{2D22C1A0-98B1-4E23-980F-E49EE27EC735}.Release|Any CPU.Build.0 = Release|Any CPU
		{2D22C1A0-98B1-4E23-980F-E49EE27EC735}.Release|ARM.ActiveCfg = Release|ARM
		{2D22C1A0-98B1-4E23-980F-E49EE27EC735}.Release|ARM.Build.0 = Release|ARM
		{2D22C1A0-98B1-4E23-980F-E49EE27EC735}.Release|x64.ActiveCfg = Release|x64
		{2D22C1A0-98B1-4E23-980F-E49EE27EC735}.Release|x64.Build.0 = Release|x64
		{2D22C1A0-98B1-4E23-980F-E49EE27EC735}.Release|x86.ActiveCfg = Release|x86
		{2D22C1A0-98B1-4E23-980F-E49EE27EC735}.Release|x86.Build.0 = Release|x86
		{B34145C7-87D9-4C09-A512-C1B186E9D63E}.Debug|Any CPU.ActiveCfg = Debug|Any CPU
		{B34145C7-87D9-4C09-A512-C1B186E9D63E}.Debug|Any CPU.Build.0 = Debug|Any CPU
		{B34145C7-87D9-4C09-A512-C1B186E9D63E}.Debug|ARM.ActiveCfg = Debug|ARM
		{B34145C7-87D9-4C09-A512-C1B186E9D63E}.Debug|ARM.Build.0 = Debug|ARM
		{B34145C7-87D9-4C09-A512-C1B186E9D63E}.Debug|x64.ActiveCfg = Debug|x64
		{B34145C7-87D9-4C09-A512-C1B186E9D63E}.Debug|x64.Build.0 = Debug|x64
		{B34145C7-87D9-4C09-A512-C1B186E9D63E}.Debug|x86.ActiveCfg = Debug|x86
		{B34145C7-87D9-4C09-A512-C1B186E9D63E}.Debug|x86.Build.0 = Debug|x86
		{B34145C7-87D9-4C09-A512-C1B186E9D63E}.Release|Any CPU.ActiveCfg = Release|Any CPU
		{B34145C7-87D9-4C09-A512-C1B186E9D63E}.Release|Any CPU.Build.0 = Release|Any CPU
		{B34145C7-87D9-4C09-A512-C1B186E9D63E}.Release|ARM.ActiveCfg = Release|ARM
		{B34145C7-87D9-4C09-A512-C1B186E9D63E}.Release|ARM.Build.0 = Release|ARM
		{B34145C7-87D9-4C09-A512-C1B186E9D63E}.Release|x64.ActiveCfg = Release|x64
		{B34145C7-87D9-4C09-A512-C1B186E9D63E}.Release|x64.Build.0 = Release|x64
		{B34145C7-87D9-4C09-A512-C1B186E9D63E}.Release|x86.ActiveCfg = Release|x86
		{B34145C7-87D9-4C09-A512-C1B186E9D63E}.Release|x86.Build.0 = Release|x86
		{328E221E-1D1D-43E8-A42A-7EC7FBE4D4BB}.Debug|Any CPU.ActiveCfg = Debug|x86
		{328E221E-1D1D-43E8-A42A-7EC7FBE4D4BB}.Debug|ARM.ActiveCfg = Debug|ARM
		{328E221E-1D1D-43E8-A42A-7EC7FBE4D4BB}.Debug|ARM.Build.0 = Debug|ARM
		{328E221E-1D1D-43E8-A42A-7EC7FBE4D4BB}.Debug|ARM.Deploy.0 = Debug|ARM
		{328E221E-1D1D-43E8-A42A-7EC7FBE4D4BB}.Debug|x64.ActiveCfg = Debug|x64
		{328E221E-1D1D-43E8-A42A-7EC7FBE4D4BB}.Debug|x64.Build.0 = Debug|x64
		{328E221E-1D1D-43E8-A42A-7EC7FBE4D4BB}.Debug|x64.Deploy.0 = Debug|x64
		{328E221E-1D1D-43E8-A42A-7EC7FBE4D4BB}.Debug|x86.ActiveCfg = Debug|x86
		{328E221E-1D1D-43E8-A42A-7EC7FBE4D4BB}.Debug|x86.Build.0 = Debug|x86
		{328E221E-1D1D-43E8-A42A-7EC7FBE4D4BB}.Debug|x86.Deploy.0 = Debug|x86
		{328E221E-1D1D-43E8-A42A-7EC7FBE4D4BB}.Release|Any CPU.ActiveCfg = Release|x86
		{328E221E-1D1D-43E8-A42A-7EC7FBE4D4BB}.Release|ARM.ActiveCfg = Release|ARM
		{328E221E-1D1D-43E8-A42A-7EC7FBE4D4BB}.Release|ARM.Build.0 = Release|ARM
		{328E221E-1D1D-43E8-A42A-7EC7FBE4D4BB}.Release|ARM.Deploy.0 = Release|ARM
		{328E221E-1D1D-43E8-A42A-7EC7FBE4D4BB}.Release|x64.ActiveCfg = Release|x64
		{328E221E-1D1D-43E8-A42A-7EC7FBE4D4BB}.Release|x64.Build.0 = Release|x64
		{328E221E-1D1D-43E8-A42A-7EC7FBE4D4BB}.Release|x64.Deploy.0 = Release|x64
		{328E221E-1D1D-43E8-A42A-7EC7FBE4D4BB}.Release|x86.ActiveCfg = Release|x86
		{328E221E-1D1D-43E8-A42A-7EC7FBE4D4BB}.Release|x86.Build.0 = Release|x86
		{328E221E-1D1D-43E8-A42A-7EC7FBE4D4BB}.Release|x86.Deploy.0 = Release|x86
	EndGlobalSection
	GlobalSection(SolutionProperties) = preSolution
		HideSolutionNode = FALSE
	EndGlobalSection
EndGlobal
